// !$*UTF8*$!
{
	archiveVersion = 1;
	classes = {
	};
	objectVersion = 46;
	objects = {

/* Begin PBXBuildFile section */
		5561ECA4229CE2E100080EE5 /* AppDelegate.swift in Sources */ = {isa = PBXBuildFile; fileRef = 5561ECA3229CE2E100080EE5 /* AppDelegate.swift */; };
		5561ECA6229CE2E100080EE5 /* ViewController.swift in Sources */ = {isa = PBXBuildFile; fileRef = 5561ECA5229CE2E100080EE5 /* ViewController.swift */; };
		5561ECA9229CE2E100080EE5 /* Main.storyboard in Resources */ = {isa = PBXBuildFile; fileRef = 5561ECA7229CE2E100080EE5 /* Main.storyboard */; };
		5561ECAB229CE2E100080EE5 /* Assets.xcassets in Resources */ = {isa = PBXBuildFile; fileRef = 5561ECAA229CE2E100080EE5 /* Assets.xcassets */; };
		5561ECAE229CE2E100080EE5 /* LaunchScreen.storyboard in Resources */ = {isa = PBXBuildFile; fileRef = 5561ECAC229CE2E100080EE5 /* LaunchScreen.storyboard */; };
		5561ECB6229CE4CF00080EE5 /* TarefaViewController.swift in Sources */ = {isa = PBXBuildFile; fileRef = 5561ECB5229CE4CF00080EE5 /* TarefaViewController.swift */; };
		5561ECB8229CE5F300080EE5 /* TarefaUserDefaults.swift in Sources */ = {isa = PBXBuildFile; fileRef = 5561ECB7229CE5F300080EE5 /* TarefaUserDefaults.swift */; };
/* End PBXBuildFile section */

/* Begin PBXFileReference section */
		5561ECA0229CE2E100080EE5 /* Minhas tarefas.app */ = {isa = PBXFileReference; explicitFileType = wrapper.application; includeInIndex = 0; path = "Minhas tarefas.app"; sourceTree = BUILT_PRODUCTS_DIR; };
		5561ECA3229CE2E100080EE5 /* AppDelegate.swift */ = {isa = PBXFileReference; lastKnownFileType = sourcecode.swift; path = AppDelegate.swift; sourceTree = "<group>"; };
		5561ECA5229CE2E100080EE5 /* ViewController.swift */ = {isa = PBXFileReference; lastKnownFileType = sourcecode.swift; path = ViewController.swift; sourceTree = "<group>"; };
		5561ECA8229CE2E100080EE5 /* Base */ = {isa = PBXFileReference; lastKnownFileType = file.storyboard; name = Base; path = Base.lproj/Main.storyboard; sourceTree = "<group>"; };
		5561ECAA229CE2E100080EE5 /* Assets.xcassets */ = {isa = PBXFileReference; lastKnownFileType = folder.assetcatalog; path = Assets.xcassets; sourceTree = "<group>"; };
		5561ECAD229CE2E100080EE5 /* Base */ = {isa = PBXFileReference; lastKnownFileType = file.storyboard; name = Base; path = Base.lproj/LaunchScreen.storyboard; sourceTree = "<group>"; };
		5561ECAF229CE2E100080EE5 /* Info.plist */ = {isa = PBXFileReference; lastKnownFileType = text.plist.xml; path = Info.plist; sourceTree = "<group>"; };
		5561ECB5229CE4CF00080EE5 /* TarefaViewController.swift */ = {isa = PBXFileReference; fileEncoding = 4; lastKnownFileType = sourcecode.swift; path = TarefaViewController.swift; sourceTree = "<group>"; };
		5561ECB7229CE5F300080EE5 /* TarefaUserDefaults.swift */ = {isa = PBXFileReference; fileEncoding = 4; lastKnownFileType = sourcecode.swift; path = TarefaUserDefaults.swift; sourceTree = "<group>"; };
/* End PBXFileReference section */

/* Begin PBXFrameworksBuildPhase section */
		5561EC9D229CE2E100080EE5 /* Frameworks */ = {
			isa = PBXFrameworksBuildPhase;
			buildActionMask = 2147483647;
			files = (
			);
			runOnlyForDeploymentPostprocessing = 0;
		};
/* End PBXFrameworksBuildPhase section */

/* Begin PBXGroup section */
		5561EC97229CE2E100080EE5 = {
			isa = PBXGroup;
			children = (
				5561ECA2229CE2E100080EE5 /* Minhas tarefas */,
				5561ECA1229CE2E100080EE5 /* Products */,
			);
			sourceTree = "<group>";
		};
		5561ECA1229CE2E100080EE5 /* Products */ = {
			isa = PBXGroup;
			children = (
				5561ECA0229CE2E100080EE5 /* Minhas tarefas.app */,
			);
			name = Products;
			sourceTree = "<group>";
		};
		5561ECA2229CE2E100080EE5 /* Minhas tarefas */ = {
			isa = PBXGroup;
			children = (
				5561ECA3229CE2E100080EE5 /* AppDelegate.swift */,
				5561ECA5229CE2E100080EE5 /* ViewController.swift */,
				5561ECA7229CE2E100080EE5 /* Main.storyboard */,
				5561ECB5229CE4CF00080EE5 /* TarefaViewController.swift */,
				5561ECAA229CE2E100080EE5 /* Assets.xcassets */,
				5561ECAC229CE2E100080EE5 /* LaunchScreen.storyboard */,
				5561ECAF229CE2E100080EE5 /* Info.plist */,
				5561ECB7229CE5F300080EE5 /* TarefaUserDefaults.swift */,
			);
			path = "Minhas tarefas";
			sourceTree = "<group>";
		};
/* End PBXGroup section */

/* Begin PBXNativeTarget section */
		5561EC9F229CE2E100080EE5 /* Minhas tarefas */ = {
			isa = PBXNativeTarget;
			buildConfigurationList = 5561ECB2229CE2E100080EE5 /* Build configuration list for PBXNativeTarget "Minhas tarefas" */;
			buildPhases = (
				5561EC9C229CE2E100080EE5 /* Sources */,
				5561EC9D229CE2E100080EE5 /* Frameworks */,
				5561EC9E229CE2E100080EE5 /* Resources */,
			);
			buildRules = (
			);
			dependencies = (
			);
			name = "Minhas tarefas";
			productName = "Minhas tarefas";
			productReference = 5561ECA0229CE2E100080EE5 /* Minhas tarefas.app */;
			productType = "com.apple.product-type.application";
		};
/* End PBXNativeTarget section */

/* Begin PBXProject section */
		5561EC98229CE2E100080EE5 /* Project object */ = {
			isa = PBXProject;
			attributes = {
				LastSwiftUpdateCheck = 0830;
				LastUpgradeCheck = 0830;
				ORGANIZATIONNAME = Felipe;
				TargetAttributes = {
					5561EC9F229CE2E100080EE5 = {
						CreatedOnToolsVersion = 8.3.3;
						ProvisioningStyle = Automatic;
					};
				};
			};
			buildConfigurationList = 5561EC9B229CE2E100080EE5 /* Build configuration list for PBXProject "Minhas tarefas" */;
			compatibilityVersion = "Xcode 3.2";
			developmentRegion = English;
			hasScannedForEncodings = 0;
			knownRegions = (
				en,
				Base,
			);
			mainGroup = 5561EC97229CE2E100080EE5;
			productRefGroup = 5561ECA1229CE2E100080EE5 /* Products */;
			projectDirPath = "";
			projectRoot = "";
			targets = (
				5561EC9F229CE2E100080EE5 /* Minhas tarefas */,
			);
		};
/* End PBXProject section */

/* Begin PBXResourcesBuildPhase section */
		5561EC9E229CE2E100080EE5 /* Resources */ = {
			isa = PBXResourcesBuildPhase;
			buildActionMask = 2147483647;
			files = (
				5561ECAE229CE2E100080EE5 /* LaunchScreen.storyboard in Resources */,
				5561ECAB229CE2E100080EE5 /* Assets.xcassets in Resources */,
				5561ECA9229CE2E100080EE5 /* Main.storyboard in Resources */,
			);
			runOnlyForDeploymentPostprocessing = 0;
		};
/* End PBXResourcesBuildPhase section */

/* Begin PBXSourcesBuildPhase section */
		5561EC9C229CE2E100080EE5 /* Sources */ = {
			isa = PBXSourcesBuildPhase;
			buildActionMask = 2147483647;
			files = (
				5561ECA6229CE2E100080EE5 /* ViewController.swift in Sources */,
				5561ECB8229CE5F300080EE5 /* TarefaUserDefaults.swift in Sources */,
				5561ECB6229CE4CF00080EE5 /* TarefaViewController.swift in Sources */,
				5561ECA4229CE2E100080EE5 /* AppDelegate.swift in Sources */,
			);
			runOnlyForDeploymentPostprocessing = 0;
		};
/* End PBXSourcesBuildPhase section */

/* Begin PBXVariantGroup section */
		5561ECA7229CE2E100080EE5 /* Main.storyboard */ = {
			isa = PBXVariantGroup;
			children = (
				5561ECA8229CE2E100080EE5 /* Base */,
			);
			name = Main.storyboard;
			sourceTree = "<group>";
		};
		5561ECAC229CE2E100080EE5 /* LaunchScreen.storyboard */ = {
			isa = PBXVariantGroup;
			children = (
				5561ECAD229CE2E100080EE5 /* Base */,
			);
			name = LaunchScreen.storyboard;
			sourceTree = "<group>";
		};
/* End PBXVariantGroup section */

/* Begin XCBuildConfiguration section */
		5561ECB0229CE2E100080EE5 /* Debug */ = {
			isa = XCBuildConfiguration;
			buildSettings = {
				ALWAYS_SEARCH_USER_PATHS = NO;
				CLANG_ANALYZER_NONNULL = YES;
				CLANG_ANALYZER_NUMBER_OBJECT_CONVERSION = YES_AGGRESSIVE;
				CLANG_CXX_LANGUAGE_STANDARD = "gnu++0x";
				CLANG_CXX_LIBRARY = "libc++";
				CLANG_ENABLE_MODULES = YES;
				CLANG_ENABLE_OBJC_ARC = YES;
				CLANG_WARN_BOOL_CONVERSION = YES;
				CLANG_WARN_CONSTANT_CONVERSION = YES;
				CLANG_WARN_DIRECT_OBJC_ISA_USAGE = YES_ERROR;
				CLANG_WARN_DOCUMENTATION_COMMENTS = YES;
				CLANG_WARN_EMPTY_BODY = YES;
				CLANG_WARN_ENUM_CONVERSION = YES;
				CLANG_WARN_INFINITE_RECURSION = YES;
				CLANG_WARN_INT_CONVERSION = YES;
				CLANG_WARN_OBJC_ROOT_CLASS = YES_ERROR;
				CLANG_WARN_SUSPICIOUS_MOVE = YES;
				CLANG_WARN_UNREACHABLE_CODE = YES;
				CLANG_WARN__DUPLICATE_METHOD_MATCH = YES;
				"CODE_SIGN_IDENTITY[sdk=iphoneos*]" = "iPhone Developer";
				COPY_PHASE_STRIP = NO;
				DEBUG_INFORMATION_FORMAT = dwarf;
				ENABLE_STRICT_OBJC_MSGSEND = YES;
				ENABLE_TESTABILITY = YES;
				GCC_C_LANGUAGE_STANDARD = gnu99;
				GCC_DYNAMIC_NO_PIC = NO;
				GCC_NO_COMMON_BLOCKS = YES;
				GCC_OPTIMIZATION_LEVEL = 0;
				GCC_PREPROCESSOR_DEFINITIONS = (
					"DEBUG=1",
					"$(inherited)",
				);
				GCC_WARN_64_TO_32_BIT_CONVERSION = YES;
				GCC_WARN_ABOUT_RETURN_TYPE = YES_ERROR;
				GCC_WARN_UNDECLARED_SELECTOR = YES;
				GCC_WARN_UNINITIALIZED_AUTOS = YES_AGGRESSIVE;
				GCC_WARN_UNUSED_FUNCTION = YES;
				GCC_WARN_UNUSED_VARIABLE = YES;
				IPHONEOS_DEPLOYMENT_TARGET = 10.3;
				MTL_ENABLE_DEBUG_INFO = YES;
				ONLY_ACTIVE_ARCH = YES;
				SDKROOT = iphoneos;
				SWIFT_ACTIVE_COMPILATION_CONDITIONS = DEBUG;
				SWIFT_OPTIMIZATION_LEVEL = "-Onone";
			};
			name = Debug;
		};
		5561ECB1229CE2E100080EE5 /* Release */ = {
			isa = XCBuildConfiguration;
			buildSettings = {
				ALWAYS_SEARCH_USER_PATHS = NO;
				CLANG_ANALYZER_NONNULL = YES;
				CLANG_ANALYZER_NUMBER_OBJECT_CONVERSION = YES_AGGRESSIVE;
				CLANG_CXX_LANGUAGE_STANDARD = "gnu++0x";
				CLANG_CXX_LIBRARY = "libc++";
				CLANG_ENABLE_MODULES = YES;
				CLANG_ENABLE_OBJC_ARC = YES;
				CLANG_WARN_BOOL_CONVERSION = YES;
				CLANG_WARN_CONSTANT_CONVERSION = YES;
				CLANG_WARN_DIRECT_OBJC_ISA_USAGE = YES_ERROR;
				CLANG_WARN_DOCUMENTATION_COMMENTS = YES;
				CLANG_WARN_EMPTY_BODY = YES;
				CLANG_WARN_ENUM_CONVERSION = YES;
				CLANG_WARN_INFINITE_RECURSION = YES;
				CLANG_WARN_INT_CONVERSION = YES;
				CLANG_WARN_OBJC_ROOT_CLASS = YES_ERROR;
				CLANG_WARN_SUSPICIOUS_MOVE = YES;
				CLANG_WARN_UNREACHABLE_CODE = YES;
				CLANG_WARN__DUPLICATE_METHOD_MATCH = YES;
				"CODE_SIGN_IDENTITY[sdk=iphoneos*]" = "iPhone Developer";
				COPY_PHASE_STRIP = NO;
				DEBUG_INFORMATION_FORMAT = "dwarf-with-dsym";
				ENABLE_NS_ASSERTIONS = NO;
				ENABLE_STRICT_OBJC_MSGSEND = YES;
				GCC_C_LANGUAGE_STANDARD = gnu99;
				GCC_NO_COMMON_BLOCKS = YES;
				GCC_WARN_64_TO_32_BIT_CONVERSION = YES;
				GCC_WARN_ABOUT_RETURN_TYPE = YES_ERROR;
				GCC_WARN_UNDECLARED_SELECTOR = YES;
				GCC_WARN_UNINITIALIZED_AUTOS = YES_AGGRESSIVE;
				GCC_WARN_UNUSED_FUNCTION = YES;
				GCC_WARN_UNUSED_VARIABLE = YES;
				IPHONEOS_DEPLOYMENT_TARGET = 10.3;
				MTL_ENABLE_DEBUG_INFO = NO;
				SDKROOT = iphoneos;
				SWIFT_OPTIMIZATION_LEVEL = "-Owholemodule";
				VALIDATE_PRODUCT = YES;
			};
			name = Release;
		};
		5561ECB3229CE2E100080EE5 /* Debug */ = {
			isa = XCBuildConfiguration;
			buildSettings = {
				ASSETCATALOG_COMPILER_APPICON_NAME = AppIcon;
				INFOPLIST_FILE = "Minhas tarefas/Info.plist";
				LD_RUNPATH_SEARCH_PATHS = "$(inherited) @executable_path/Frameworks";
				PRODUCT_BUNDLE_IDENTIFIER = "com.cursoios.Minhas-tarefas";
				PRODUCT_NAME = "$(TARGET_NAME)";
				SWIFT_VERSION = 3.0;
			};
			name = Debug;
		};
		5561ECB4229CE2E100080EE5 /* Release */ = {
			isa = XCBuildConfiguration;
			buildSettings = {
				ASSETCATALOG_COMPILER_APPICON_NAME = AppIcon;
				INFOPLIST_FILE = "Minhas tarefas/Info.plist";
				LD_RUNPATH_SEARCH_PATHS = "$(inherited) @executable_path/Frameworks";
				PRODUCT_BUNDLE_IDENTIFIER = "com.cursoios.Minhas-tarefas";
				PRODUCT_NAME = "$(TARGET_NAME)";
				SWIFT_VERSION = 3.0;
			};
			name = Release;
		};
/* End XCBuildConfiguration section */

/* Begin XCConfigurationList section */
		5561EC9B229CE2E100080EE5 /* Build configuration list for PBXProject "Minhas tarefas" */ = {
			isa = XCConfigurationList;
			buildConfigurations = (
				5561ECB0229CE2E100080EE5 /* Debug */,
				5561ECB1229CE2E100080EE5 /* Release */,
			);
			defaultConfigurationIsVisible = 0;
			defaultConfigurationName = Release;
		};
		5561ECB2229CE2E100080EE5 /* Build configuration list for PBXNativeTarget "Minhas tarefas" */ = {
			isa = XCConfigurationList;
			buildConfigurations = (
				5561ECB3229CE2E100080EE5 /* Debug */,
				5561ECB4229CE2E100080EE5 /* Release */,
			);
			defaultConfigurationIsVisible = 0;
		};
/* End XCConfigurationList section */
	};
	rootObject = 5561EC98229CE2E100080EE5 /* Project object */;
}
