// !$*UTF8*$!
{
	archiveVersion = 1;
	classes = {
	};
	objectVersion = 46;
	objects = {

/* Begin PBXBuildFile section */
		5555495F22972A2300EAB49D /* AppDelegate.swift in Sources */ = {isa = PBXBuildFile; fileRef = 5555495E22972A2300EAB49D /* AppDelegate.swift */; };
		5555496122972A2300EAB49D /* ViewController.swift in Sources */ = {isa = PBXBuildFile; fileRef = 5555496022972A2300EAB49D /* ViewController.swift */; };
		5555496422972A2300EAB49D /* Main.storyboard in Resources */ = {isa = PBXBuildFile; fileRef = 5555496222972A2300EAB49D /* Main.storyboard */; };
		5555496622972A2300EAB49D /* Assets.xcassets in Resources */ = {isa = PBXBuildFile; fileRef = 5555496522972A2300EAB49D /* Assets.xcassets */; };
		5555496922972A2300EAB49D /* LaunchScreen.storyboard in Resources */ = {isa = PBXBuildFile; fileRef = 5555496722972A2300EAB49D /* LaunchScreen.storyboard */; };
		5555497122972D5000EAB49D /* DetalhesViewController.swift in Sources */ = {isa = PBXBuildFile; fileRef = 5555497022972D5000EAB49D /* DetalhesViewController.swift */; };
/* End PBXBuildFile section */

/* Begin PBXFileReference section */
		5555495B22972A2300EAB49D /* Cara ou Coroa.app */ = {isa = PBXFileReference; explicitFileType = wrapper.application; includeInIndex = 0; path = "Cara ou Coroa.app"; sourceTree = BUILT_PRODUCTS_DIR; };
		5555495E22972A2300EAB49D /* AppDelegate.swift */ = {isa = PBXFileReference; lastKnownFileType = sourcecode.swift; path = AppDelegate.swift; sourceTree = "<group>"; };
		5555496022972A2300EAB49D /* ViewController.swift */ = {isa = PBXFileReference; lastKnownFileType = sourcecode.swift; path = ViewController.swift; sourceTree = "<group>"; };
		5555496322972A2300EAB49D /* Base */ = {isa = PBXFileReference; lastKnownFileType = file.storyboard; name = Base; path = Base.lproj/Main.storyboard; sourceTree = "<group>"; };
		5555496522972A2300EAB49D /* Assets.xcassets */ = {isa = PBXFileReference; lastKnownFileType = folder.assetcatalog; path = Assets.xcassets; sourceTree = "<group>"; };
		5555496822972A2300EAB49D /* Base */ = {isa = PBXFileReference; lastKnownFileType = file.storyboard; name = Base; path = Base.lproj/LaunchScreen.storyboard; sourceTree = "<group>"; };
		5555496A22972A2300EAB49D /* Info.plist */ = {isa = PBXFileReference; lastKnownFileType = text.plist.xml; path = Info.plist; sourceTree = "<group>"; };
		5555497022972D5000EAB49D /* DetalhesViewController.swift */ = {isa = PBXFileReference; fileEncoding = 4; lastKnownFileType = sourcecode.swift; path = DetalhesViewController.swift; sourceTree = "<group>"; };
/* End PBXFileReference section */

/* Begin PBXFrameworksBuildPhase section */
		5555495822972A2200EAB49D /* Frameworks */ = {
			isa = PBXFrameworksBuildPhase;
			buildActionMask = 2147483647;
			files = (
			);
			runOnlyForDeploymentPostprocessing = 0;
		};
/* End PBXFrameworksBuildPhase section */

/* Begin PBXGroup section */
		5555495222972A2200EAB49D = {
			isa = PBXGroup;
			children = (
				5555495D22972A2300EAB49D /* Cara ou Coroa */,
				5555495C22972A2300EAB49D /* Products */,
			);
			sourceTree = "<group>";
		};
		5555495C22972A2300EAB49D /* Products */ = {
			isa = PBXGroup;
			children = (
				5555495B22972A2300EAB49D /* Cara ou Coroa.app */,
			);
			name = Products;
			sourceTree = "<group>";
		};
		5555495D22972A2300EAB49D /* Cara ou Coroa */ = {
			isa = PBXGroup;
			children = (
				5555495E22972A2300EAB49D /* AppDelegate.swift */,
				5555496022972A2300EAB49D /* ViewController.swift */,
				5555496222972A2300EAB49D /* Main.storyboard */,
				5555497022972D5000EAB49D /* DetalhesViewController.swift */,
				5555496522972A2300EAB49D /* Assets.xcassets */,
				5555496722972A2300EAB49D /* LaunchScreen.storyboard */,
				5555496A22972A2300EAB49D /* Info.plist */,
			);
			path = "Cara ou Coroa";
			sourceTree = "<group>";
		};
/* End PBXGroup section */

/* Begin PBXNativeTarget section */
		5555495A22972A2200EAB49D /* Cara ou Coroa */ = {
			isa = PBXNativeTarget;
			buildConfigurationList = 5555496D22972A2300EAB49D /* Build configuration list for PBXNativeTarget "Cara ou Coroa" */;
			buildPhases = (
				5555495722972A2200EAB49D /* Sources */,
				5555495822972A2200EAB49D /* Frameworks */,
				5555495922972A2200EAB49D /* Resources */,
			);
			buildRules = (
			);
			dependencies = (
			);
			name = "Cara ou Coroa";
			productName = "Cara ou Coroa";
			productReference = 5555495B22972A2300EAB49D /* Cara ou Coroa.app */;
			productType = "com.apple.product-type.application";
		};
/* End PBXNativeTarget section */

/* Begin PBXProject section */
		5555495322972A2200EAB49D /* Project object */ = {
			isa = PBXProject;
			attributes = {
				LastSwiftUpdateCheck = 0830;
				LastUpgradeCheck = 0830;
				ORGANIZATIONNAME = Felipe;
				TargetAttributes = {
					5555495A22972A2200EAB49D = {
						CreatedOnToolsVersion = 8.3.3;
						ProvisioningStyle = Automatic;
					};
				};
			};
			buildConfigurationList = 5555495622972A2200EAB49D /* Build configuration list for PBXProject "Cara ou Coroa" */;
			compatibilityVersion = "Xcode 3.2";
			developmentRegion = English;
			hasScannedForEncodings = 0;
			knownRegions = (
				en,
				Base,
			);
			mainGroup = 5555495222972A2200EAB49D;
			productRefGroup = 5555495C22972A2300EAB49D /* Products */;
			projectDirPath = "";
			projectRoot = "";
			targets = (
				5555495A22972A2200EAB49D /* Cara ou Coroa */,
			);
		};
/* End PBXProject section */

/* Begin PBXResourcesBuildPhase section */
		5555495922972A2200EAB49D /* Resources */ = {
			isa = PBXResourcesBuildPhase;
			buildActionMask = 2147483647;
			files = (
				5555496922972A2300EAB49D /* LaunchScreen.storyboard in Resources */,
				5555496622972A2300EAB49D /* Assets.xcassets in Resources */,
				5555496422972A2300EAB49D /* Main.storyboard in Resources */,
			);
			runOnlyForDeploymentPostprocessing = 0;
		};
/* End PBXResourcesBuildPhase section */

/* Begin PBXSourcesBuildPhase section */
		5555495722972A2200EAB49D /* Sources */ = {
			isa = PBXSourcesBuildPhase;
			buildActionMask = 2147483647;
			files = (
				5555496122972A2300EAB49D /* ViewController.swift in Sources */,
				5555495F22972A2300EAB49D /* AppDelegate.swift in Sources */,
				5555497122972D5000EAB49D /* DetalhesViewController.swift in Sources */,
			);
			runOnlyForDeploymentPostprocessing = 0;
		};
/* End PBXSourcesBuildPhase section */

/* Begin PBXVariantGroup section */
		5555496222972A2300EAB49D /* Main.storyboard */ = {
			isa = PBXVariantGroup;
			children = (
				5555496322972A2300EAB49D /* Base */,
			);
			name = Main.storyboard;
			sourceTree = "<group>";
		};
		5555496722972A2300EAB49D /* LaunchScreen.storyboard */ = {
			isa = PBXVariantGroup;
			children = (
				5555496822972A2300EAB49D /* Base */,
			);
			name = LaunchScreen.storyboard;
			sourceTree = "<group>";
		};
/* End PBXVariantGroup section */

/* Begin XCBuildConfiguration section */
		5555496B22972A2300EAB49D /* Debug */ = {
			isa = XCBuildConfiguration;
			buildSettings = {
				ALWAYS_SEARCH_USER_PATHS = NO;
				CLANG_ANALYZER_NONNULL = YES;
				CLANG_ANALYZER_NUMBER_OBJECT_CONVERSION = YES_AGGRESSIVE;
				CLANG_CXX_LANGUAGE_STANDARD = "gnu++0x";
				CLANG_CXX_LIBRARY = "libc++";
				CLANG_ENABLE_MODULES = YES;
				CLANG_ENABLE_OBJC_ARC = YES;
				CLANG_WARN_BOOL_CONVERSION = YES;
				CLANG_WARN_CONSTANT_CONVERSION = YES;
				CLANG_WARN_DIRECT_OBJC_ISA_USAGE = YES_ERROR;
				CLANG_WARN_DOCUMENTATION_COMMENTS = YES;
				CLANG_WARN_EMPTY_BODY = YES;
				CLANG_WARN_ENUM_CONVERSION = YES;
				CLANG_WARN_INFINITE_RECURSION = YES;
				CLANG_WARN_INT_CONVERSION = YES;
				CLANG_WARN_OBJC_ROOT_CLASS = YES_ERROR;
				CLANG_WARN_SUSPICIOUS_MOVE = YES;
				CLANG_WARN_UNREACHABLE_CODE = YES;
				CLANG_WARN__DUPLICATE_METHOD_MATCH = YES;
				"CODE_SIGN_IDENTITY[sdk=iphoneos*]" = "iPhone Developer";
				COPY_PHASE_STRIP = NO;
				DEBUG_INFORMATION_FORMAT = dwarf;
				ENABLE_STRICT_OBJC_MSGSEND = YES;
				ENABLE_TESTABILITY = YES;
				GCC_C_LANGUAGE_STANDARD = gnu99;
				GCC_DYNAMIC_NO_PIC = NO;
				GCC_NO_COMMON_BLOCKS = YES;
				GCC_OPTIMIZATION_LEVEL = 0;
				GCC_PREPROCESSOR_DEFINITIONS = (
					"DEBUG=1",
					"$(inherited)",
				);
				GCC_WARN_64_TO_32_BIT_CONVERSION = YES;
				GCC_WARN_ABOUT_RETURN_TYPE = YES_ERROR;
				GCC_WARN_UNDECLARED_SELECTOR = YES;
				GCC_WARN_UNINITIALIZED_AUTOS = YES_AGGRESSIVE;
				GCC_WARN_UNUSED_FUNCTION = YES;
				GCC_WARN_UNUSED_VARIABLE = YES;
				IPHONEOS_DEPLOYMENT_TARGET = 10.3;
				MTL_ENABLE_DEBUG_INFO = YES;
				ONLY_ACTIVE_ARCH = YES;
				SDKROOT = iphoneos;
				SWIFT_ACTIVE_COMPILATION_CONDITIONS = DEBUG;
				SWIFT_OPTIMIZATION_LEVEL = "-Onone";
			};
			name = Debug;
		};
		5555496C22972A2300EAB49D /* Release */ = {
			isa = XCBuildConfiguration;
			buildSettings = {
				ALWAYS_SEARCH_USER_PATHS = NO;
				CLANG_ANALYZER_NONNULL = YES;
				CLANG_ANALYZER_NUMBER_OBJECT_CONVERSION = YES_AGGRESSIVE;
				CLANG_CXX_LANGUAGE_STANDARD = "gnu++0x";
				CLANG_CXX_LIBRARY = "libc++";
				CLANG_ENABLE_MODULES = YES;
				CLANG_ENABLE_OBJC_ARC = YES;
				CLANG_WARN_BOOL_CONVERSION = YES;
				CLANG_WARN_CONSTANT_CONVERSION = YES;
				CLANG_WARN_DIRECT_OBJC_ISA_USAGE = YES_ERROR;
				CLANG_WARN_DOCUMENTATION_COMMENTS = YES;
				CLANG_WARN_EMPTY_BODY = YES;
				CLANG_WARN_ENUM_CONVERSION = YES;
				CLANG_WARN_INFINITE_RECURSION = YES;
				CLANG_WARN_INT_CONVERSION = YES;
				CLANG_WARN_OBJC_ROOT_CLASS = YES_ERROR;
				CLANG_WARN_SUSPICIOUS_MOVE = YES;
				CLANG_WARN_UNREACHABLE_CODE = YES;
				CLANG_WARN__DUPLICATE_METHOD_MATCH = YES;
				"CODE_SIGN_IDENTITY[sdk=iphoneos*]" = "iPhone Developer";
				COPY_PHASE_STRIP = NO;
				DEBUG_INFORMATION_FORMAT = "dwarf-with-dsym";
				ENABLE_NS_ASSERTIONS = NO;
				ENABLE_STRICT_OBJC_MSGSEND = YES;
				GCC_C_LANGUAGE_STANDARD = gnu99;
				GCC_NO_COMMON_BLOCKS = YES;
				GCC_WARN_64_TO_32_BIT_CONVERSION = YES;
				GCC_WARN_ABOUT_RETURN_TYPE = YES_ERROR;
				GCC_WARN_UNDECLARED_SELECTOR = YES;
				GCC_WARN_UNINITIALIZED_AUTOS = YES_AGGRESSIVE;
				GCC_WARN_UNUSED_FUNCTION = YES;
				GCC_WARN_UNUSED_VARIABLE = YES;
				IPHONEOS_DEPLOYMENT_TARGET = 10.3;
				MTL_ENABLE_DEBUG_INFO = NO;
				SDKROOT = iphoneos;
				SWIFT_OPTIMIZATION_LEVEL = "-Owholemodule";
				VALIDATE_PRODUCT = YES;
			};
			name = Release;
		};
		5555496E22972A2300EAB49D /* Debug */ = {
			isa = XCBuildConfiguration;
			buildSettings = {
				ASSETCATALOG_COMPILER_APPICON_NAME = AppIcon;
				INFOPLIST_FILE = "Cara ou Coroa/Info.plist";
				LD_RUNPATH_SEARCH_PATHS = "$(inherited) @executable_path/Frameworks";
				PRODUCT_BUNDLE_IDENTIFIER = "com.cursoios.Cara-ou-Coroa";
				PRODUCT_NAME = "$(TARGET_NAME)";
				SWIFT_VERSION = 3.0;
			};
			name = Debug;
		};
		5555496F22972A2300EAB49D /* Release */ = {
			isa = XCBuildConfiguration;
			buildSettings = {
				ASSETCATALOG_COMPILER_APPICON_NAME = AppIcon;
				INFOPLIST_FILE = "Cara ou Coroa/Info.plist";
				LD_RUNPATH_SEARCH_PATHS = "$(inherited) @executable_path/Frameworks";
				PRODUCT_BUNDLE_IDENTIFIER = "com.cursoios.Cara-ou-Coroa";
				PRODUCT_NAME = "$(TARGET_NAME)";
				SWIFT_VERSION = 3.0;
			};
			name = Release;
		};
/* End XCBuildConfiguration section */

/* Begin XCConfigurationList section */
		5555495622972A2200EAB49D /* Build configuration list for PBXProject "Cara ou Coroa" */ = {
			isa = XCConfigurationList;
			buildConfigurations = (
				5555496B22972A2300EAB49D /* Debug */,
				5555496C22972A2300EAB49D /* Release */,
			);
			defaultConfigurationIsVisible = 0;
			defaultConfigurationName = Release;
		};
		5555496D22972A2300EAB49D /* Build configuration list for PBXNativeTarget "Cara ou Coroa" */ = {
			isa = XCConfigurationList;
			buildConfigurations = (
				5555496E22972A2300EAB49D /* Debug */,
				5555496F22972A2300EAB49D /* Release */,
			);
			defaultConfigurationIsVisible = 0;
		};
/* End XCConfigurationList section */
	};
	rootObject = 5555495322972A2200EAB49D /* Project object */;
}
