// !$*UTF8*$!
{
	archiveVersion = 1;
	classes = {
	};
	objectVersion = 46;
	objects = {

/* Begin PBXBuildFile section */
		55F7C0172278C39F005B29F1 /* AppDelegate.swift in Sources */ = {isa = PBXBuildFile; fileRef = 55F7C0162278C39F005B29F1 /* AppDelegate.swift */; };
		55F7C0192278C39F005B29F1 /* ViewController.swift in Sources */ = {isa = PBXBuildFile; fileRef = 55F7C0182278C39F005B29F1 /* ViewController.swift */; };
		55F7C01C2278C39F005B29F1 /* Main.storyboard in Resources */ = {isa = PBXBuildFile; fileRef = 55F7C01A2278C39F005B29F1 /* Main.storyboard */; };
		55F7C01E2278C39F005B29F1 /* Assets.xcassets in Resources */ = {isa = PBXBuildFile; fileRef = 55F7C01D2278C39F005B29F1 /* Assets.xcassets */; };
		55F7C0212278C39F005B29F1 /* LaunchScreen.storyboard in Resources */ = {isa = PBXBuildFile; fileRef = 55F7C01F2278C39F005B29F1 /* LaunchScreen.storyboard */; };
		55F7C02A2278C416005B29F1 /* logo.png in Resources */ = {isa = PBXBuildFile; fileRef = 55F7C0282278C416005B29F1 /* logo.png */; };
		55F7C02B2278C416005B29F1 /* botaogerar.png in Resources */ = {isa = PBXBuildFile; fileRef = 55F7C0292278C416005B29F1 /* botaogerar.png */; };
		55F7C02D2278C492005B29F1 /* botaogerar-pressionado.png in Resources */ = {isa = PBXBuildFile; fileRef = 55F7C02C2278C492005B29F1 /* botaogerar-pressionado.png */; };
/* End PBXBuildFile section */

/* Begin PBXFileReference section */
		55F7C0132278C39F005B29F1 /* Gerador Numeros Aula.app */ = {isa = PBXFileReference; explicitFileType = wrapper.application; includeInIndex = 0; path = "Gerador Numeros Aula.app"; sourceTree = BUILT_PRODUCTS_DIR; };
		55F7C0162278C39F005B29F1 /* AppDelegate.swift */ = {isa = PBXFileReference; lastKnownFileType = sourcecode.swift; path = AppDelegate.swift; sourceTree = "<group>"; };
		55F7C0182278C39F005B29F1 /* ViewController.swift */ = {isa = PBXFileReference; lastKnownFileType = sourcecode.swift; path = ViewController.swift; sourceTree = "<group>"; };
		55F7C01B2278C39F005B29F1 /* Base */ = {isa = PBXFileReference; lastKnownFileType = file.storyboard; name = Base; path = Base.lproj/Main.storyboard; sourceTree = "<group>"; };
		55F7C01D2278C39F005B29F1 /* Assets.xcassets */ = {isa = PBXFileReference; lastKnownFileType = folder.assetcatalog; path = Assets.xcassets; sourceTree = "<group>"; };
		55F7C0202278C39F005B29F1 /* Base */ = {isa = PBXFileReference; lastKnownFileType = file.storyboard; name = Base; path = Base.lproj/LaunchScreen.storyboard; sourceTree = "<group>"; };
		55F7C0222278C39F005B29F1 /* Info.plist */ = {isa = PBXFileReference; lastKnownFileType = text.plist.xml; path = Info.plist; sourceTree = "<group>"; };
		55F7C0282278C416005B29F1 /* logo.png */ = {isa = PBXFileReference; lastKnownFileType = image.png; path = logo.png; sourceTree = "<group>"; };
		55F7C0292278C416005B29F1 /* botaogerar.png */ = {isa = PBXFileReference; lastKnownFileType = image.png; path = botaogerar.png; sourceTree = "<group>"; };
		55F7C02C2278C492005B29F1 /* botaogerar-pressionado.png */ = {isa = PBXFileReference; lastKnownFileType = image.png; name = "botaogerar-pressionado.png"; path = "../../../../../Downloads/imagens-app-sorteio/botaogerar-pressionado.png"; sourceTree = "<group>"; };
/* End PBXFileReference section */

/* Begin PBXFrameworksBuildPhase section */
		55F7C0102278C39F005B29F1 /* Frameworks */ = {
			isa = PBXFrameworksBuildPhase;
			buildActionMask = 2147483647;
			files = (
			);
			runOnlyForDeploymentPostprocessing = 0;
		};
/* End PBXFrameworksBuildPhase section */

/* Begin PBXGroup section */
		55F7C00A2278C39F005B29F1 = {
			isa = PBXGroup;
			children = (
				55F7C0152278C39F005B29F1 /* Gerador Numeros Aula */,
				55F7C0142278C39F005B29F1 /* Products */,
			);
			sourceTree = "<group>";
		};
		55F7C0142278C39F005B29F1 /* Products */ = {
			isa = PBXGroup;
			children = (
				55F7C0132278C39F005B29F1 /* Gerador Numeros Aula.app */,
			);
			name = Products;
			sourceTree = "<group>";
		};
		55F7C0152278C39F005B29F1 /* Gerador Numeros Aula */ = {
			isa = PBXGroup;
			children = (
				55F7C0282278C416005B29F1 /* logo.png */,
				55F7C02C2278C492005B29F1 /* botaogerar-pressionado.png */,
				55F7C0292278C416005B29F1 /* botaogerar.png */,
				55F7C0162278C39F005B29F1 /* AppDelegate.swift */,
				55F7C0182278C39F005B29F1 /* ViewController.swift */,
				55F7C01A2278C39F005B29F1 /* Main.storyboard */,
				55F7C01D2278C39F005B29F1 /* Assets.xcassets */,
				55F7C01F2278C39F005B29F1 /* LaunchScreen.storyboard */,
				55F7C0222278C39F005B29F1 /* Info.plist */,
			);
			path = "Gerador Numeros Aula";
			sourceTree = "<group>";
		};
/* End PBXGroup section */

/* Begin PBXNativeTarget section */
		55F7C0122278C39F005B29F1 /* Gerador Numeros Aula */ = {
			isa = PBXNativeTarget;
			buildConfigurationList = 55F7C0252278C39F005B29F1 /* Build configuration list for PBXNativeTarget "Gerador Numeros Aula" */;
			buildPhases = (
				55F7C00F2278C39F005B29F1 /* Sources */,
				55F7C0102278C39F005B29F1 /* Frameworks */,
				55F7C0112278C39F005B29F1 /* Resources */,
			);
			buildRules = (
			);
			dependencies = (
			);
			name = "Gerador Numeros Aula";
			productName = "Gerador Numeros Aula";
			productReference = 55F7C0132278C39F005B29F1 /* Gerador Numeros Aula.app */;
			productType = "com.apple.product-type.application";
		};
/* End PBXNativeTarget section */

/* Begin PBXProject section */
		55F7C00B2278C39F005B29F1 /* Project object */ = {
			isa = PBXProject;
			attributes = {
				LastSwiftUpdateCheck = 0830;
				LastUpgradeCheck = 0830;
				ORGANIZATIONNAME = Felipe;
				TargetAttributes = {
					55F7C0122278C39F005B29F1 = {
						CreatedOnToolsVersion = 8.3.3;
						ProvisioningStyle = Automatic;
					};
				};
			};
			buildConfigurationList = 55F7C00E2278C39F005B29F1 /* Build configuration list for PBXProject "Gerador Numeros Aula" */;
			compatibilityVersion = "Xcode 3.2";
			developmentRegion = English;
			hasScannedForEncodings = 0;
			knownRegions = (
				en,
				Base,
			);
			mainGroup = 55F7C00A2278C39F005B29F1;
			productRefGroup = 55F7C0142278C39F005B29F1 /* Products */;
			projectDirPath = "";
			projectRoot = "";
			targets = (
				55F7C0122278C39F005B29F1 /* Gerador Numeros Aula */,
			);
		};
/* End PBXProject section */

/* Begin PBXResourcesBuildPhase section */
		55F7C0112278C39F005B29F1 /* Resources */ = {
			isa = PBXResourcesBuildPhase;
			buildActionMask = 2147483647;
			files = (
				55F7C02A2278C416005B29F1 /* logo.png in Resources */,
				55F7C0212278C39F005B29F1 /* LaunchScreen.storyboard in Resources */,
				55F7C02B2278C416005B29F1 /* botaogerar.png in Resources */,
				55F7C01E2278C39F005B29F1 /* Assets.xcassets in Resources */,
				55F7C01C2278C39F005B29F1 /* Main.storyboard in Resources */,
				55F7C02D2278C492005B29F1 /* botaogerar-pressionado.png in Resources */,
			);
			runOnlyForDeploymentPostprocessing = 0;
		};
/* End PBXResourcesBuildPhase section */

/* Begin PBXSourcesBuildPhase section */
		55F7C00F2278C39F005B29F1 /* Sources */ = {
			isa = PBXSourcesBuildPhase;
			buildActionMask = 2147483647;
			files = (
				55F7C0192278C39F005B29F1 /* ViewController.swift in Sources */,
				55F7C0172278C39F005B29F1 /* AppDelegate.swift in Sources */,
			);
			runOnlyForDeploymentPostprocessing = 0;
		};
/* End PBXSourcesBuildPhase section */

/* Begin PBXVariantGroup section */
		55F7C01A2278C39F005B29F1 /* Main.storyboard */ = {
			isa = PBXVariantGroup;
			children = (
				55F7C01B2278C39F005B29F1 /* Base */,
			);
			name = Main.storyboard;
			sourceTree = "<group>";
		};
		55F7C01F2278C39F005B29F1 /* LaunchScreen.storyboard */ = {
			isa = PBXVariantGroup;
			children = (
				55F7C0202278C39F005B29F1 /* Base */,
			);
			name = LaunchScreen.storyboard;
			sourceTree = "<group>";
		};
/* End PBXVariantGroup section */

/* Begin XCBuildConfiguration section */
		55F7C0232278C39F005B29F1 /* Debug */ = {
			isa = XCBuildConfiguration;
			buildSettings = {
				ALWAYS_SEARCH_USER_PATHS = NO;
				CLANG_ANALYZER_NONNULL = YES;
				CLANG_ANALYZER_NUMBER_OBJECT_CONVERSION = YES_AGGRESSIVE;
				CLANG_CXX_LANGUAGE_STANDARD = "gnu++0x";
				CLANG_CXX_LIBRARY = "libc++";
				CLANG_ENABLE_MODULES = YES;
				CLANG_ENABLE_OBJC_ARC = YES;
				CLANG_WARN_BOOL_CONVERSION = YES;
				CLANG_WARN_CONSTANT_CONVERSION = YES;
				CLANG_WARN_DIRECT_OBJC_ISA_USAGE = YES_ERROR;
				CLANG_WARN_DOCUMENTATION_COMMENTS = YES;
				CLANG_WARN_EMPTY_BODY = YES;
				CLANG_WARN_ENUM_CONVERSION = YES;
				CLANG_WARN_INFINITE_RECURSION = YES;
				CLANG_WARN_INT_CONVERSION = YES;
				CLANG_WARN_OBJC_ROOT_CLASS = YES_ERROR;
				CLANG_WARN_SUSPICIOUS_MOVE = YES;
				CLANG_WARN_UNREACHABLE_CODE = YES;
				CLANG_WARN__DUPLICATE_METHOD_MATCH = YES;
				"CODE_SIGN_IDENTITY[sdk=iphoneos*]" = "iPhone Developer";
				COPY_PHASE_STRIP = NO;
				DEBUG_INFORMATION_FORMAT = dwarf;
				ENABLE_STRICT_OBJC_MSGSEND = YES;
				ENABLE_TESTABILITY = YES;
				GCC_C_LANGUAGE_STANDARD = gnu99;
				GCC_DYNAMIC_NO_PIC = NO;
				GCC_NO_COMMON_BLOCKS = YES;
				GCC_OPTIMIZATION_LEVEL = 0;
				GCC_PREPROCESSOR_DEFINITIONS = (
					"DEBUG=1",
					"$(inherited)",
				);
				GCC_WARN_64_TO_32_BIT_CONVERSION = YES;
				GCC_WARN_ABOUT_RETURN_TYPE = YES_ERROR;
				GCC_WARN_UNDECLARED_SELECTOR = YES;
				GCC_WARN_UNINITIALIZED_AUTOS = YES_AGGRESSIVE;
				GCC_WARN_UNUSED_FUNCTION = YES;
				GCC_WARN_UNUSED_VARIABLE = YES;
				IPHONEOS_DEPLOYMENT_TARGET = 10.3;
				MTL_ENABLE_DEBUG_INFO = YES;
				ONLY_ACTIVE_ARCH = YES;
				SDKROOT = iphoneos;
				SWIFT_ACTIVE_COMPILATION_CONDITIONS = DEBUG;
				SWIFT_OPTIMIZATION_LEVEL = "-Onone";
			};
			name = Debug;
		};
		55F7C0242278C39F005B29F1 /* Release */ = {
			isa = XCBuildConfiguration;
			buildSettings = {
				ALWAYS_SEARCH_USER_PATHS = NO;
				CLANG_ANALYZER_NONNULL = YES;
				CLANG_ANALYZER_NUMBER_OBJECT_CONVERSION = YES_AGGRESSIVE;
				CLANG_CXX_LANGUAGE_STANDARD = "gnu++0x";
				CLANG_CXX_LIBRARY = "libc++";
				CLANG_ENABLE_MODULES = YES;
				CLANG_ENABLE_OBJC_ARC = YES;
				CLANG_WARN_BOOL_CONVERSION = YES;
				CLANG_WARN_CONSTANT_CONVERSION = YES;
				CLANG_WARN_DIRECT_OBJC_ISA_USAGE = YES_ERROR;
				CLANG_WARN_DOCUMENTATION_COMMENTS = YES;
				CLANG_WARN_EMPTY_BODY = YES;
				CLANG_WARN_ENUM_CONVERSION = YES;
				CLANG_WARN_INFINITE_RECURSION = YES;
				CLANG_WARN_INT_CONVERSION = YES;
				CLANG_WARN_OBJC_ROOT_CLASS = YES_ERROR;
				CLANG_WARN_SUSPICIOUS_MOVE = YES;
				CLANG_WARN_UNREACHABLE_CODE = YES;
				CLANG_WARN__DUPLICATE_METHOD_MATCH = YES;
				"CODE_SIGN_IDENTITY[sdk=iphoneos*]" = "iPhone Developer";
				COPY_PHASE_STRIP = NO;
				DEBUG_INFORMATION_FORMAT = "dwarf-with-dsym";
				ENABLE_NS_ASSERTIONS = NO;
				ENABLE_STRICT_OBJC_MSGSEND = YES;
				GCC_C_LANGUAGE_STANDARD = gnu99;
				GCC_NO_COMMON_BLOCKS = YES;
				GCC_WARN_64_TO_32_BIT_CONVERSION = YES;
				GCC_WARN_ABOUT_RETURN_TYPE = YES_ERROR;
				GCC_WARN_UNDECLARED_SELECTOR = YES;
				GCC_WARN_UNINITIALIZED_AUTOS = YES_AGGRESSIVE;
				GCC_WARN_UNUSED_FUNCTION = YES;
				GCC_WARN_UNUSED_VARIABLE = YES;
				IPHONEOS_DEPLOYMENT_TARGET = 10.3;
				MTL_ENABLE_DEBUG_INFO = NO;
				SDKROOT = iphoneos;
				SWIFT_OPTIMIZATION_LEVEL = "-Owholemodule";
				VALIDATE_PRODUCT = YES;
			};
			name = Release;
		};
		55F7C0262278C39F005B29F1 /* Debug */ = {
			isa = XCBuildConfiguration;
			buildSettings = {
				ASSETCATALOG_COMPILER_APPICON_NAME = AppIcon;
				INFOPLIST_FILE = "Gerador Numeros Aula/Info.plist";
				LD_RUNPATH_SEARCH_PATHS = "$(inherited) @executable_path/Frameworks";
				PRODUCT_BUNDLE_IDENTIFIER = "com.cursoios.Gerador-Numeros-Aula";
				PRODUCT_NAME = "$(TARGET_NAME)";
				SWIFT_VERSION = 3.0;
			};
			name = Debug;
		};
		55F7C0272278C39F005B29F1 /* Release */ = {
			isa = XCBuildConfiguration;
			buildSettings = {
				ASSETCATALOG_COMPILER_APPICON_NAME = AppIcon;
				INFOPLIST_FILE = "Gerador Numeros Aula/Info.plist";
				LD_RUNPATH_SEARCH_PATHS = "$(inherited) @executable_path/Frameworks";
				PRODUCT_BUNDLE_IDENTIFIER = "com.cursoios.Gerador-Numeros-Aula";
				PRODUCT_NAME = "$(TARGET_NAME)";
				SWIFT_VERSION = 3.0;
			};
			name = Release;
		};
/* End XCBuildConfiguration section */

/* Begin XCConfigurationList section */
		55F7C00E2278C39F005B29F1 /* Build configuration list for PBXProject "Gerador Numeros Aula" */ = {
			isa = XCConfigurationList;
			buildConfigurations = (
				55F7C0232278C39F005B29F1 /* Debug */,
				55F7C0242278C39F005B29F1 /* Release */,
			);
			defaultConfigurationIsVisible = 0;
			defaultConfigurationName = Release;
		};
		55F7C0252278C39F005B29F1 /* Build configuration list for PBXNativeTarget "Gerador Numeros Aula" */ = {
			isa = XCConfigurationList;
			buildConfigurations = (
				55F7C0262278C39F005B29F1 /* Debug */,
				55F7C0272278C39F005B29F1 /* Release */,
			);
			defaultConfigurationIsVisible = 0;
		};
/* End XCConfigurationList section */
	};
	rootObject = 55F7C00B2278C39F005B29F1 /* Project object */;
}
